Microsoft Visual Studio Solution File, Format Version 11.00
# Visual Studio 2008

Project("{849A0965-7531-D10B-D4DB-404EE073EF7D}") = "Uniduino", "Assembly-CSharp.csproj", "{E27DA89D-A8A6-3553-C133-0DFEA5B7567B}"
EndProject
Project("{849A0965-7531-D10B-D4DB-404EE073EF7D}") = "Uniduino", "Assembly-CSharp-Editor.csproj", "{FCA23915-49E2-3D05-A4E0-D5B45702BF9C}"
EndProject
Project("{849A0965-7531-D10B-D4DB-404EE073EF7D}") = "Uniduino", "Assembly-UnityScript-firstpass.unityproj", "{83F318A9-1B0A-D56A-CD1C-C47179E3E96F}"
EndProject
Global
	GlobalSection(SolutionConfigurationPlatforms) = preSolution
		Debug|Any CPU = Debug|Any CPU
		Release|Any CPU = Release|Any CPU
	EndGlobalSection
	GlobalSection(ProjectConfigurationPlatforms) = postSolution
		{E27DA89D-A8A6-3553-C133-0DFEA5B7567B}.Debug|Any CPU.ActiveCfg = Debug|Any CPU
		{E27DA89D-A8A6-3553-C133-0DFEA5B7567B}.Debug|Any CPU.Build.0 = Debug|Any CPU
		{E27DA89D-A8A6-3553-C133-0DFEA5B7567B}.Release|Any CPU.ActiveCfg = Release|Any CPU
		{E27DA89D-A8A6-3553-C133-0DFEA5B7567B}.Release|Any CPU.Build.0 = Release|Any CPU
		{FCA23915-49E2-3D05-A4E0-D5B45702BF9C}.Debug|Any CPU.ActiveCfg = Debug|Any CPU
		{FCA23915-49E2-3D05-A4E0-D5B45702BF9C}.Debug|Any CPU.Build.0 = Debug|Any CPU
		{FCA23915-49E2-3D05-A4E0-D5B45702BF9C}.Release|Any CPU.ActiveCfg = Release|Any CPU
		{FCA23915-49E2-3D05-A4E0-D5B45702BF9C}.Release|Any CPU.Build.0 = Release|Any CPU
		{83F318A9-1B0A-D56A-CD1C-C47179E3E96F}.Debug|Any CPU.ActiveCfg = Debug|Any CPU
		{83F318A9-1B0A-D56A-CD1C-C47179E3E96F}.Debug|Any CPU.Build.0 = Debug|Any CPU
		{83F318A9-1B0A-D56A-CD1C-C47179E3E96F}.Release|Any CPU.ActiveCfg = Release|Any CPU
		{83F318A9-1B0A-D56A-CD1C-C47179E3E96F}.Release|Any CPU.Build.0 = Release|Any CPU
	EndGlobalSection
	GlobalSection(SolutionProperties) = preSolution
		HideSolutionNode = FALSE
	EndGlobalSection
																				GlobalSection(MonoDevelopProperties) = preSolution
		StartupItem = Assembly-CSharp.csproj
		Policies = $0
		$0.TextStylePolicy = $1
		$1.inheritsSet = null
		$1.scope = text/x-csharp
		$0.CSharpFormattingPolicy = $2
		$2.inheritsSet = Mono
		$2.inheritsScope = text/x-csharp
		$2.scope = text/x-csharp
		$0.TextStylePolicy = $3
		$3.FileWidth = 120
		$3.TabWidth = 4
		$3.EolMarker = Unix
		$3.inheritsSet = Mono
		$3.inheritsScope = text/plain
		$3.scope = text/plain
	EndGlobalSection

EndGlobal
